
Microsoft Visual Studio Solution File, Format Version 12.00
# Visual Studio Version 17
VisualStudioVersion = 17.7.34031.279
MinimumVisualStudioVersion = 10.0.40219.1
Project("{FAE04EC0-301F-11D3-BF4B-00C04F79EFBC}") = "Yolov8-Form", "Yolov8-Form.csproj", "{7D536246-FBCA-47A3-9343-49D5817132A7}"
EndProject
Global
	GlobalSection(SolutionConfigurationPlatforms) = preSolution
		Debug|Any CPU = Debug|Any CPU
		Release|Any CPU = Release|Any CPU
	EndGlobalSection
	GlobalSection(ProjectConfigurationPlatforms) = postSolution
		{7D536246-FBCA-47A3-9343-49D5817132A7}.Debug|Any CPU.ActiveCfg = Debug|Any CPU
		{7D536246-FBCA-47A3-9343-49D5817132A7}.Debug|Any CPU.Build.0 = Debug|Any CPU
		{7D536246-FBCA-47A3-9343-49D5817132A7}.Release|Any CPU.ActiveCfg = Release|Any CPU
		{7D536246-FBCA-47A3-9343-49D5817132A7}.Release|Any CPU.Build.0 = Release|Any CPU
	EndGlobalSection
	GlobalSection(SolutionProperties) = preSolution
		HideSolutionNode = FALSE
	EndGlobalSection
	GlobalSection(ExtensibilityGlobals) = postSolution
		SolutionGuid = {04ECD9A1-D5C2-419C-A96D-5A179E54B83C}
	EndGlobalSection
EndGlobal
